
Microsoft Visual Studio Solution File, Format Version 12.00
# Visual Studio 15
VisualStudioVersion = 15.0.28307.902
MinimumVisualStudioVersion = 10.0.40219.1
Project("{FAE04EC0-301F-11D3-BF4B-00C04F79EFBC}") = "Halloween", "Halloween\Halloween.csproj", "{B3C044F0-1307-43F5-B9FA-71A255B72910}"
EndProject
Global
	GlobalSection(SolutionConfigurationPlatforms) = preSolution
		Debug|Any CPU = Debug|Any CPU
		Release|Any CPU = Release|Any CPU
	EndGlobalSection
	GlobalSection(ProjectConfigurationPlatforms) = postSolution
		{B3C044F0-1307-43F5-B9FA-71A255B72910}.Debug|Any CPU.ActiveCfg = Debug|Any CPU
		{B3C044F0-1307-43F5-B9FA-71A255B72910}.Debug|Any CPU.Build.0 = Debug|Any CPU
		{B3C044F0-1307-43F5-B9FA-71A255B72910}.Release|Any CPU.ActiveCfg = Release|Any CPU
		{B3C044F0-1307-43F5-B9FA-71A255B72910}.Release|Any CPU.Build.0 = Release|Any CPU
	EndGlobalSection
	GlobalSection(SolutionProperties) = preSolution
		HideSolutionNode = FALSE
	EndGlobalSection
	GlobalSection(ExtensibilityGlobals) = postSolution
		SolutionGuid = {E7EC97F4-2B3C-4D0A-AEA2-A18B2F6D67C6}
	EndGlobalSection
EndGlobal
